{
    "name": "adsorb-button",
    "version": "1.0.1",
    "lockfileVersion": 1,
    "requires": true,
    "dependencies": {
        "@intlify/core-base": {
            "version": "9.2.2",
            "resolved": "https://registry.npmmirror.com/@intlify/core-base/-/core-base-9.2.2.tgz",
            "integrity": "sha512-JjUpQtNfn+joMbrXvpR4hTF8iJQ2sEFzzK3KIESOx+f+uwIjgw20igOyaIdhfsVVBCds8ZM64MoeNSx+PHQMkA==",
            "requires": {
                "@intlify/devtools-if": "9.2.2",
                "@intlify/message-compiler": "9.2.2",
                "@intlify/shared": "9.2.2",
                "@intlify/vue-devtools": "9.2.2"
            }
        },
        "@intlify/devtools-if": {
            "version": "9.2.2",
            "resolved": "https://registry.npmmirror.com/@intlify/devtools-if/-/devtools-if-9.2.2.tgz",
            "integrity": "sha512-4ttr/FNO29w+kBbU7HZ/U0Lzuh2cRDhP8UlWOtV9ERcjHzuyXVZmjyleESK6eVP60tGC9QtQW9yZE+JeRhDHkg==",
            "requires": {
                "@intlify/shared": "9.2.2"
            }
        },
        "@intlify/message-compiler": {
            "version": "9.2.2",
            "resolved": "https://registry.npmmirror.com/@intlify/message-compiler/-/message-compiler-9.2.2.tgz",
            "integrity": "sha512-IUrQW7byAKN2fMBe8z6sK6riG1pue95e5jfokn8hA5Q3Bqy4MBJ5lJAofUsawQJYHeoPJ7svMDyBaVJ4d0GTtA==",
            "requires": {
                "@intlify/shared": "9.2.2",
                "source-map": "0.6.1"
            }
        },
        "@intlify/shared": {
            "version": "9.2.2",
            "resolved": "https://registry.npmmirror.com/@intlify/shared/-/shared-9.2.2.tgz",
            "integrity": "sha512-wRwTpsslgZS5HNyM7uDQYZtxnbI12aGiBZURX3BTR9RFIKKRWpllTsgzHWvj3HKm3Y2Sh5LPC1r0PDCKEhVn9Q=="
        },
        "@intlify/vue-devtools": {
            "version": "9.2.2",
            "resolved": "https://registry.npmmirror.com/@intlify/vue-devtools/-/vue-devtools-9.2.2.tgz",
            "integrity": "sha512-+dUyqyCHWHb/UcvY1MlIpO87munedm3Gn6E9WWYdWrMuYLcoIoOEVDWSS8xSwtlPU+kA+MEQTP6Q1iI/ocusJg==",
            "requires": {
                "@intlify/core-base": "9.2.2",
                "@intlify/shared": "9.2.2"
            }
        },
        "@vue/devtools-api": {
            "version": "6.2.1",
            "resolved": "https://registry.npmmirror.com/@vue/devtools-api/-/devtools-api-6.2.1.tgz",
            "integrity": "sha512-OEgAMeQXvCoJ+1x8WyQuVZzFo0wcyCmUR3baRVLmKBo1LmYZWMlRiXlux5jd0fqVJu6PfDbOrZItVqUEzLobeQ=="
        },
        "@xmldom/xmldom": {
            "version": "0.8.2",
            "resolved": "https://registry.npmmirror.com/@xmldom/xmldom/-/xmldom-0.8.2.tgz",
            "integrity": "sha512-+R0juSseERyoPvnBQ/cZih6bpF7IpCXlWbHRoCRzYzqpz6gWHOgf8o4MOEf6KBVuOyqU+gCNLkCWVIJAro8XyQ=="
        },
        "aegis-mp-sdk": {
            "version": "1.36.2",
            "resolved": "https://registry.npmmirror.com/aegis-mp-sdk/-/aegis-mp-sdk-1.36.2.tgz",
            "integrity": "sha512-fTsm9kJH282DfFyNQW2NI2Ha4Z5anU9lnNiawHwWhfdbJI1jtTc25o5lflOVTf2Pm0p3fyBXX9d0e41xhdbJqg=="
        },
        "aegis-web-sdk": {
            "version": "1.36.2",
            "resolved": "https://registry.npmmirror.com/aegis-web-sdk/-/aegis-web-sdk-1.36.2.tgz",
            "integrity": "sha512-QOkFCtJ013Rivs4nFWX3ZuXkLsZqH2oO+4u7DODYEC6RmvX7A1ZRZSeeMnthhRVegiMQO0nY7vbSPkpS/wn32g==",
            "requires": {
                "web-vitals": "^1.1.2"
            }
        },
        "aegis-weex-sdk": {
            "version": "1.24.46",
            "resolved": "https://registry.npmmirror.com/aegis-weex-sdk/-/aegis-weex-sdk-1.24.46.tgz",
            "integrity": "sha512-Wof6LLIg4fWP9mPy2WCTvfErhkqrL5ecMoXfcjWz0RyPsjxjy/U9RY+4wf/am/JQdr8bZUtFpH2bQ5IEwoaYiQ=="
        },
        "cos-wx-sdk-v5": {
            "version": "1.4.0",
            "resolved": "https://registry.npmmirror.com/cos-wx-sdk-v5/-/cos-wx-sdk-v5-1.4.0.tgz",
            "integrity": "sha512-hb04qPMXcCePt7nB7QkFbjaMfnQEbCRH8YNw6NeXRPLFuGUY2o3/1jrQHeghYM467zluyi5CUOsE2Ln5EwjJQw==",
            "requires": {
                "@xmldom/xmldom": "^0.8.2",
                "mime": "^2.4.6"
            }
        },
        "mime": {
            "version": "2.6.0",
            "resolved": "https://registry.npmmirror.com/mime/-/mime-2.6.0.tgz",
            "integrity": "sha512-USPkMeET31rOMiarsBNIHZKLGgvKc/LrjofAnBlOttf5ajRvqiRA8QsenbcooctK6d6Ts6aqZXBA+XbkKthiQg=="
        },
        "number-precision": {
            "version": "1.6.0",
            "resolved": "https://registry.npmmirror.com/number-precision/-/number-precision-1.6.0.tgz",
            "integrity": "sha512-05OLPgbgmnixJw+VvEh18yNPUo3iyp4BEWJcrLu4X9W05KmMifN7Mu5exYvQXqxxeNWhvIF+j3Rij+HmddM/hQ=="
        },
        "source-map": {
            "version": "0.6.1",
            "resolved": "https://registry.npmmirror.com/source-map/-/source-map-0.6.1.tgz",
            "integrity": "sha512-UjgapumWlbMhkBgzT7Ykc5YXUT46F0iKu8SGXq0bcwP5dz/h0Plj6enJqjz1Zbq2l5WaqYnrVbwWOWMyF3F47g=="
        },
        "tim-js-sdk": {
            "version": "2.22.1",
            "resolved": "https://registry.npmmirror.com/tim-js-sdk/-/tim-js-sdk-2.22.1.tgz",
            "integrity": "sha512-U/BnrwzB1/hYuqQc3yPtO7udNoy8GNE5r0ahEUp/NQueW4P6QDu2RUCI2j4sF+yopC8tNG4etFgmAgGXBT+2Ug=="
        },
        "tim-upload-plugin": {
            "version": "1.0.5",
            "resolved": "https://registry.npmmirror.com/tim-upload-plugin/-/tim-upload-plugin-1.0.5.tgz",
            "integrity": "sha512-GFxo3l60Os/p8rlg1THMcdjIiee7/IyeOTUJ4cwMBgRMxFoxFUmXmKoIS2207+r5F8ai3HqyRZOfiNfcHYrbZw=="
        },
        "tim-wx-sdk": {
            "version": "2.22.1",
            "resolved": "https://registry.npmmirror.com/tim-wx-sdk/-/tim-wx-sdk-2.22.1.tgz",
            "integrity": "sha512-KES+gLvAENLzeuzAxfb36g+Ftgvu5EdOHdAElcSv062SyADwd+mYP6K2Ewm0eKXS/cLDwKitXg/wMIdB1tHtlg=="
        },
        "vue-i18n": {
            "version": "9.2.2",
            "resolved": "https://registry.npmmirror.com/vue-i18n/-/vue-i18n-9.2.2.tgz",
            "integrity": "sha512-yswpwtj89rTBhegUAv9Mu37LNznyu3NpyLQmozF3i1hYOhwpG8RjcjIFIIfnu+2MDZJGSZPXaKWvnQA71Yv9TQ==",
            "requires": {
                "@intlify/core-base": "9.2.2",
                "@intlify/shared": "9.2.2",
                "@intlify/vue-devtools": "9.2.2",
                "@vue/devtools-api": "^6.2.1"
            }
        },
        "web-vitals": {
            "version": "1.1.2",
            "resolved": "https://registry.npmmirror.com/web-vitals/-/web-vitals-1.1.2.tgz",
            "integrity": "sha512-PFMKIY+bRSXlMxVAQ+m2aw9c/ioUYfDgrYot0YUa+/xa0sakubWhSDyxAKwzymvXVdF4CZI71g06W+mqhzu6ig=="
        }
    }
}
